
Microsoft Visual Studio Solution File, Format Version 12.00
# Visual Studio Version 16
VisualStudioVersion = 16.0.29123.88
MinimumVisualStudioVersion = 10.0.40219.1
Project("{2150E333-8FDC-42A3-9474-1A3956D46DE8}") = "Library", "Library", "{4C431DF2-B864-4D91-A37C-E6BE35491CA1}"
EndProject
Project("{2150E333-8FDC-42A3-9474-1A3956D46DE8}") = "Programs", "Programs", "{FCBE751B-01A5-4B60-BCB2-C3B3DE2A1294}"
EndProject
Project("{8BC9CEB8-8B4A-11D0-8D11-00A0C91BC942}") = "asalib2", "asalib2\asalib2.vcxproj", "{FED7289D-C809-4B31-ABB8-B2FD09EFCEC4}"
EndProject
Project("{8BC9CEB8-8B4A-11D0-8D11-00A0C91BC942}") = "m-d-NT-Equivalence", "m-d-NT-Equivalence\m-d-NT-Equivalence.vcxproj", "{EA045F00-192B-4C56-BD3C-256D61DE650A}"
EndProject
Project("{8BC9CEB8-8B4A-11D0-8D11-00A0C91BC942}") = "singleword2", "Programs\singleword2\singleword2.vcxproj", "{D98F3F4A-510F-4473-B824-172AF8FCF4DE}"
	ProjectSection(ProjectDependencies) = postProject
		{FED7289D-C809-4B31-ABB8-B2FD09EFCEC4} = {FED7289D-C809-4B31-ABB8-B2FD09EFCEC4}
	EndProjectSection
EndProject
Project("{2150E333-8FDC-42A3-9474-1A3956D46DE8}") = "Old", "Old", "{F9BE398D-80AD-42AF-B050-334760E1FDFC}"
EndProject
Project("{8BC9CEB8-8B4A-11D0-8D11-00A0C91BC942}") = "generateForBlocksAndLength", "Programs\generateForBlocksAndLength\generateForBlocksAndLength.vcxproj", "{87A2196B-C9D5-4EE1-8FD1-8E4FCBDBC855}"
	ProjectSection(ProjectDependencies) = postProject
		{FED7289D-C809-4B31-ABB8-B2FD09EFCEC4} = {FED7289D-C809-4B31-ABB8-B2FD09EFCEC4}
	EndProjectSection
EndProject
Project("{8BC9CEB8-8B4A-11D0-8D11-00A0C91BC942}") = "rawSquareByBlock", "Programs\rawSquareByBlock\rawSquareByBlock.vcxproj", "{F75B4D75-1E1E-45FE-8DEE-33BFEA7CFDF3}"
	ProjectSection(ProjectDependencies) = postProject
		{FED7289D-C809-4B31-ABB8-B2FD09EFCEC4} = {FED7289D-C809-4B31-ABB8-B2FD09EFCEC4}
	EndProjectSection
EndProject
Project("{8BC9CEB8-8B4A-11D0-8D11-00A0C91BC942}") = "morphism", "Programs\morphism\morphism.vcxproj", "{409EA391-49EE-49A6-B280-E52DA2AD31FE}"
	ProjectSection(ProjectDependencies) = postProject
		{FED7289D-C809-4B31-ABB8-B2FD09EFCEC4} = {FED7289D-C809-4B31-ABB8-B2FD09EFCEC4}
	EndProjectSection
EndProject
Global
	GlobalSection(SolutionConfigurationPlatforms) = preSolution
		Debug|x64 = Debug|x64
		Debug|x86 = Debug|x86
		Release|x64 = Release|x64
		Release|x86 = Release|x86
	EndGlobalSection
	GlobalSection(ProjectConfigurationPlatforms) = postSolution
		{FED7289D-C809-4B31-ABB8-B2FD09EFCEC4}.Debug|x64.ActiveCfg = Debug|x64
		{FED7289D-C809-4B31-ABB8-B2FD09EFCEC4}.Debug|x64.Build.0 = Debug|x64
		{FED7289D-C809-4B31-ABB8-B2FD09EFCEC4}.Debug|x86.ActiveCfg = Debug|Win32
		{FED7289D-C809-4B31-ABB8-B2FD09EFCEC4}.Debug|x86.Build.0 = Debug|Win32
		{FED7289D-C809-4B31-ABB8-B2FD09EFCEC4}.Release|x64.ActiveCfg = Release|x64
		{FED7289D-C809-4B31-ABB8-B2FD09EFCEC4}.Release|x64.Build.0 = Release|x64
		{FED7289D-C809-4B31-ABB8-B2FD09EFCEC4}.Release|x86.ActiveCfg = Release|Win32
		{FED7289D-C809-4B31-ABB8-B2FD09EFCEC4}.Release|x86.Build.0 = Release|Win32
		{EA045F00-192B-4C56-BD3C-256D61DE650A}.Debug|x64.ActiveCfg = Debug|x64
		{EA045F00-192B-4C56-BD3C-256D61DE650A}.Debug|x64.Build.0 = Debug|x64
		{EA045F00-192B-4C56-BD3C-256D61DE650A}.Debug|x86.ActiveCfg = Debug|Win32
		{EA045F00-192B-4C56-BD3C-256D61DE650A}.Debug|x86.Build.0 = Debug|Win32
		{EA045F00-192B-4C56-BD3C-256D61DE650A}.Release|x64.ActiveCfg = Release|x64
		{EA045F00-192B-4C56-BD3C-256D61DE650A}.Release|x64.Build.0 = Release|x64
		{EA045F00-192B-4C56-BD3C-256D61DE650A}.Release|x86.ActiveCfg = Release|Win32
		{EA045F00-192B-4C56-BD3C-256D61DE650A}.Release|x86.Build.0 = Release|Win32
		{D98F3F4A-510F-4473-B824-172AF8FCF4DE}.Debug|x64.ActiveCfg = Debug|x64
		{D98F3F4A-510F-4473-B824-172AF8FCF4DE}.Debug|x64.Build.0 = Debug|x64
		{D98F3F4A-510F-4473-B824-172AF8FCF4DE}.Debug|x86.ActiveCfg = Debug|Win32
		{D98F3F4A-510F-4473-B824-172AF8FCF4DE}.Debug|x86.Build.0 = Debug|Win32
		{D98F3F4A-510F-4473-B824-172AF8FCF4DE}.Release|x64.ActiveCfg = Release|x64
		{D98F3F4A-510F-4473-B824-172AF8FCF4DE}.Release|x64.Build.0 = Release|x64
		{D98F3F4A-510F-4473-B824-172AF8FCF4DE}.Release|x86.ActiveCfg = Release|Win32
		{D98F3F4A-510F-4473-B824-172AF8FCF4DE}.Release|x86.Build.0 = Release|Win32
		{87A2196B-C9D5-4EE1-8FD1-8E4FCBDBC855}.Debug|x64.ActiveCfg = Debug|x64
		{87A2196B-C9D5-4EE1-8FD1-8E4FCBDBC855}.Debug|x64.Build.0 = Debug|x64
		{87A2196B-C9D5-4EE1-8FD1-8E4FCBDBC855}.Debug|x86.ActiveCfg = Debug|Win32
		{87A2196B-C9D5-4EE1-8FD1-8E4FCBDBC855}.Debug|x86.Build.0 = Debug|Win32
		{87A2196B-C9D5-4EE1-8FD1-8E4FCBDBC855}.Release|x64.ActiveCfg = Release|x64
		{87A2196B-C9D5-4EE1-8FD1-8E4FCBDBC855}.Release|x64.Build.0 = Release|x64
		{87A2196B-C9D5-4EE1-8FD1-8E4FCBDBC855}.Release|x86.ActiveCfg = Release|Win32
		{87A2196B-C9D5-4EE1-8FD1-8E4FCBDBC855}.Release|x86.Build.0 = Release|Win32
		{F75B4D75-1E1E-45FE-8DEE-33BFEA7CFDF3}.Debug|x64.ActiveCfg = Debug|x64
		{F75B4D75-1E1E-45FE-8DEE-33BFEA7CFDF3}.Debug|x64.Build.0 = Debug|x64
		{F75B4D75-1E1E-45FE-8DEE-33BFEA7CFDF3}.Debug|x86.ActiveCfg = Debug|Win32
		{F75B4D75-1E1E-45FE-8DEE-33BFEA7CFDF3}.Debug|x86.Build.0 = Debug|Win32
		{F75B4D75-1E1E-45FE-8DEE-33BFEA7CFDF3}.Release|x64.ActiveCfg = Release|x64
		{F75B4D75-1E1E-45FE-8DEE-33BFEA7CFDF3}.Release|x64.Build.0 = Release|x64
		{F75B4D75-1E1E-45FE-8DEE-33BFEA7CFDF3}.Release|x86.ActiveCfg = Release|Win32
		{F75B4D75-1E1E-45FE-8DEE-33BFEA7CFDF3}.Release|x86.Build.0 = Release|Win32
		{409EA391-49EE-49A6-B280-E52DA2AD31FE}.Debug|x64.ActiveCfg = Debug|x64
		{409EA391-49EE-49A6-B280-E52DA2AD31FE}.Debug|x64.Build.0 = Debug|x64
		{409EA391-49EE-49A6-B280-E52DA2AD31FE}.Debug|x86.ActiveCfg = Debug|Win32
		{409EA391-49EE-49A6-B280-E52DA2AD31FE}.Debug|x86.Build.0 = Debug|Win32
		{409EA391-49EE-49A6-B280-E52DA2AD31FE}.Release|x64.ActiveCfg = Release|x64
		{409EA391-49EE-49A6-B280-E52DA2AD31FE}.Release|x64.Build.0 = Release|x64
		{409EA391-49EE-49A6-B280-E52DA2AD31FE}.Release|x86.ActiveCfg = Release|Win32
		{409EA391-49EE-49A6-B280-E52DA2AD31FE}.Release|x86.Build.0 = Release|Win32
	EndGlobalSection
	GlobalSection(SolutionProperties) = preSolution
		HideSolutionNode = FALSE
	EndGlobalSection
	GlobalSection(NestedProjects) = preSolution
		{FED7289D-C809-4B31-ABB8-B2FD09EFCEC4} = {4C431DF2-B864-4D91-A37C-E6BE35491CA1}
		{EA045F00-192B-4C56-BD3C-256D61DE650A} = {F9BE398D-80AD-42AF-B050-334760E1FDFC}
		{D98F3F4A-510F-4473-B824-172AF8FCF4DE} = {FCBE751B-01A5-4B60-BCB2-C3B3DE2A1294}
		{F9BE398D-80AD-42AF-B050-334760E1FDFC} = {FCBE751B-01A5-4B60-BCB2-C3B3DE2A1294}
		{87A2196B-C9D5-4EE1-8FD1-8E4FCBDBC855} = {FCBE751B-01A5-4B60-BCB2-C3B3DE2A1294}
		{F75B4D75-1E1E-45FE-8DEE-33BFEA7CFDF3} = {FCBE751B-01A5-4B60-BCB2-C3B3DE2A1294}
		{409EA391-49EE-49A6-B280-E52DA2AD31FE} = {FCBE751B-01A5-4B60-BCB2-C3B3DE2A1294}
	EndGlobalSection
	GlobalSection(ExtensibilityGlobals) = postSolution
		SolutionGuid = {43F66DC0-6715-409A-AE54-38278579F98C}
	EndGlobalSection
	GlobalSection(Performance) = preSolution
		HasPerformanceSessions = true
	EndGlobalSection
EndGlobal
